PODS:
  - Flutter (1.0.0)
  - flutter_credit_card (0.0.1):
    - Flutter
  - fluttertoast (0.0.2):
    - Flutter
    - Toast
  - image_picker_ios (0.0.1):
    - Flutter
  - shared_preferences_foundation (0.0.1):
    - Flutter
    - FlutterMacOS
  - Stripe (23.28.3):
    - StripeApplePay (= 23.28.3)
    - StripeCore (= 23.28.3)
    - StripePayments (= 23.28.3)
    - StripePaymentsUI (= 23.28.3)
    - StripeUICore (= 23.28.3)
  - stripe_ios (0.0.1):
    - Flutter
    - Stripe (~> 23.28.0)
    - StripeApplePay (~> 23.28.0)
    - StripeFinancialConnections (~> 23.28.0)
    - StripePayments (~> 23.28.0)
    - StripePaymentSheet (~> 23.28.0)
    - StripePaymentsUI (~> 23.28.0)
  - StripeApplePay (23.28.3):
    - StripeCore (= 23.28.3)
  - StripeCore (23.28.3)
  - StripeFinancialConnections (23.28.3):
    - StripeCore (= 23.28.3)
    - StripeUICore (= 23.28.3)
  - StripePayments (23.28.3):
    - StripeCore (= 23.28.3)
    - StripePayments/Stripe3DS2 (= 23.28.3)
  - StripePayments/Stripe3DS2 (23.28.3):
    - StripeCore (= 23.28.3)
  - StripePaymentSheet (23.28.3):
    - StripeApplePay (= 23.28.3)
    - StripeCore (= 23.28.3)
    - StripePayments (= 23.28.3)
    - StripePaymentsUI (= 23.28.3)
  - StripePaymentsUI (23.28.3):
    - StripeCore (= 23.28.3)
    - StripePayments (= 23.28.3)
    - StripeUICore (= 23.28.3)
  - StripeUICore (23.28.3):
    - StripeCore (= 23.28.3)
  - Toast (4.1.1)

DEPENDENCIES:
  - Flutter (from `Flutter`)
  - flutter_credit_card (from `.symlinks/plugins/flutter_credit_card/ios`)
  - fluttertoast (from `.symlinks/plugins/fluttertoast/ios`)
  - image_picker_ios (from `.symlinks/plugins/image_picker_ios/ios`)
  - shared_preferences_foundation (from `.symlinks/plugins/shared_preferences_foundation/darwin`)
  - stripe_ios (from `.symlinks/plugins/stripe_ios/ios`)

SPEC REPOS:
  trunk:
    - Stripe
    - StripeApplePay
    - StripeCore
    - StripeFinancialConnections
    - StripePayments
    - StripePaymentSheet
    - StripePaymentsUI
    - StripeUICore
    - Toast

EXTERNAL SOURCES:
  Flutter:
    :path: Flutter
  flutter_credit_card:
    :path: ".symlinks/plugins/flutter_credit_card/ios"
  fluttertoast:
    :path: ".symlinks/plugins/fluttertoast/ios"
  image_picker_ios:
    :path: ".symlinks/plugins/image_picker_ios/ios"
  shared_preferences_foundation:
    :path: ".symlinks/plugins/shared_preferences_foundation/darwin"
  stripe_ios:
    :path: ".symlinks/plugins/stripe_ios/ios"

SPEC CHECKSUMS:
  Flutter: e0871f40cf51350855a761d2e70bf5af5b9b5de7
  flutter_credit_card: 48fb35065294868bc6a3e7f18a42f28929b84f48
  fluttertoast: e9a18c7be5413da53898f660530c56f35edfba9c
  image_picker_ios: c560581cceedb403a6ff17f2f816d7fea1421fc1
  shared_preferences_foundation: fcdcbc04712aee1108ac7fda236f363274528f78
  Stripe: cdf416cf2efe286f532a6306de0fcaa0ecc8c71a
  stripe_ios: 91946e5c07e0a0dc0e1484ee6659e1f90a302cf3
  StripeApplePay: efb62ffc08e6cd4f161d77ddb45de2451075c54e
  StripeCore: 9731f05e327c3dcaf7d7abd116840ceaa9482bbe
  StripeFinancialConnections: 46c0049aaab3a179193502bce4a8096eb7b73f55
  StripePayments: dd1867a620b0b8b5e294e9ff2f1f7b7770765f47
  StripePaymentSheet: d155dfde74e90784d054deffb4f561a1f6dd638f
  StripePaymentsUI: c24f990b03a68a7f6fe704b15dd487e7bb6b603e
  StripeUICore: f2d514e900c37436dc5427fdf2c29d68ab1c2935
  Toast: 1f5ea13423a1e6674c4abdac5be53587ae481c4e

PODFILE CHECKSUM: a57f30d18f102dd3ce366b1d62a55ecbef2158e5

COCOAPODS: 1.15.2
